// !$*UTF8*$!
{
	archiveVersion = 1;
	classes = {
	};
	objectVersion = 51;
	objects = {

/* Begin PBXBuildFile section */
		254E5D12A680E5D80381E1F5 /* Pods_datastructuresportfolio.framework in Frameworks */ = {isa = PBXBuildFile; fileRef = 4807BCC837AA587F0FAA5883 /* Pods_datastructuresportfolio.framework */; };
		D7666D5C24193A560037CA11 /* pythag.storyboard in Resources */ = {isa = PBXBuildFile; fileRef = D7666D5B24193A560037CA11 /* pythag.storyboard */; };
		D7666D5F24193B640037CA11 /* triboi.png in Resources */ = {isa = PBXBuildFile; fileRef = D7666D5E24193B640037CA11 /* triboi.png */; };
		D76ED464241A8B5000CB2267 /* ftocconverter.storyboard in Resources */ = {isa = PBXBuildFile; fileRef = D76ED463241A8B5000CB2267 /* ftocconverter.storyboard */; };
		D76ED466241A8C5B00CB2267 /* therm.png in Resources */ = {isa = PBXBuildFile; fileRef = D76ED465241A8C5B00CB2267 /* therm.png */; };
		D76ED468241A8E2200CB2267 /* ftoc.swift in Sources */ = {isa = PBXBuildFile; fileRef = D76ED467241A8E2200CB2267 /* ftoc.swift */; };
		D783D6EA24169A560015766B /* AppDelegate.swift in Sources */ = {isa = PBXBuildFile; fileRef = D783D6E924169A560015766B /* AppDelegate.swift */; };
		D783D6EC24169A560015766B /* SceneDelegate.swift in Sources */ = {isa = PBXBuildFile; fileRef = D783D6EB24169A560015766B /* SceneDelegate.swift */; };
		D783D6EE24169A560015766B /* pythag.swift in Sources */ = {isa = PBXBuildFile; fileRef = D783D6ED24169A560015766B /* pythag.swift */; };
		D783D6F124169A560015766B /* Main.storyboard in Resources */ = {isa = PBXBuildFile; fileRef = D783D6EF24169A560015766B /* Main.storyboard */; };
		D783D6F324169A5B0015766B /* Assets.xcassets in Resources */ = {isa = PBXBuildFile; fileRef = D783D6F224169A5B0015766B /* Assets.xcassets */; };
		D783D6F624169A5B0015766B /* LaunchScreen.storyboard in Resources */ = {isa = PBXBuildFile; fileRef = D783D6F424169A5B0015766B /* LaunchScreen.storyboard */; };
		D783D70124169A5C0015766B /* datastructuresportfolioTests.swift in Sources */ = {isa = PBXBuildFile; fileRef = D783D70024169A5C0015766B /* datastructuresportfolioTests.swift */; };
		D783D70C24169A5C0015766B /* datastructuresportfolioUITests.swift in Sources */ = {isa = PBXBuildFile; fileRef = D783D70B24169A5C0015766B /* datastructuresportfolioUITests.swift */; };
/* End PBXBuildFile section */

/* Begin PBXContainerItemProxy section */
		D783D6FD24169A5C0015766B /* PBXContainerItemProxy */ = {
			isa = PBXContainerItemProxy;
			containerPortal = D783D6DE24169A560015766B /* Project object */;
			proxyType = 1;
			remoteGlobalIDString = D783D6E524169A560015766B;
			remoteInfo = datastructuresportfolio;
		};
		D783D70824169A5C0015766B /* PBXContainerItemProxy */ = {
			isa = PBXContainerItemProxy;
			containerPortal = D783D6DE24169A560015766B /* Project object */;
			proxyType = 1;
			remoteGlobalIDString = D783D6E524169A560015766B;
			remoteInfo = datastructuresportfolio;
		};
/* End PBXContainerItemProxy section */

/* Begin PBXFileReference section */
		4807BCC837AA587F0FAA5883 /* Pods_datastructuresportfolio.framework */ = {isa = PBXFileReference; explicitFileType = wrapper.framework; includeInIndex = 0; path = Pods_datastructuresportfolio.framework; sourceTree = BUILT_PRODUCTS_DIR; };
		494A07D99374C24592EFE2A6 /* Pods-datastructuresportfolio.debug.xcconfig */ = {isa = PBXFileReference; includeInIndex = 1; lastKnownFileType = text.xcconfig; name = "Pods-datastructuresportfolio.debug.xcconfig"; path = "Target Support Files/Pods-datastructuresportfolio/Pods-datastructuresportfolio.debug.xcconfig"; sourceTree = "<group>"; };
		D7666D5B24193A560037CA11 /* pythag.storyboard */ = {isa = PBXFileReference; lastKnownFileType = file.storyboard; path = pythag.storyboard; sourceTree = "<group>"; };
		D7666D5E24193B640037CA11 /* triboi.png */ = {isa = PBXFileReference; lastKnownFileType = image.png; path = triboi.png; sourceTree = "<group>"; };
		D76ED463241A8B5000CB2267 /* ftocconverter.storyboard */ = {isa = PBXFileReference; lastKnownFileType = file.storyboard; path = ftocconverter.storyboard; sourceTree = "<group>"; };
		D76ED465241A8C5B00CB2267 /* therm.png */ = {isa = PBXFileReference; lastKnownFileType = image.png; path = therm.png; sourceTree = "<group>"; };
		D76ED467241A8E2200CB2267 /* ftoc.swift */ = {isa = PBXFileReference; lastKnownFileType = sourcecode.swift; path = ftoc.swift; sourceTree = "<group>"; };
		D783D6E624169A560015766B /* datastructuresportfolio.app */ = {isa = PBXFileReference; explicitFileType = wrapper.application; includeInIndex = 0; path = datastructuresportfolio.app; sourceTree = BUILT_PRODUCTS_DIR; };
		D783D6E924169A560015766B /* AppDelegate.swift */ = {isa = PBXFileReference; lastKnownFileType = sourcecode.swift; path = AppDelegate.swift; sourceTree = "<group>"; };
		D783D6EB24169A560015766B /* SceneDelegate.swift */ = {isa = PBXFileReference; lastKnownFileType = sourcecode.swift; path = SceneDelegate.swift; sourceTree = "<group>"; };
		D783D6ED24169A560015766B /* pythag.swift */ = {isa = PBXFileReference; lastKnownFileType = sourcecode.swift; path = pythag.swift; sourceTree = "<group>"; };
		D783D6F024169A560015766B /* Base */ = {isa = PBXFileReference; lastKnownFileType = file.storyboard; name = Base; path = Base.lproj/Main.storyboard; sourceTree = "<group>"; };
		D783D6F224169A5B0015766B /* Assets.xcassets */ = {isa = PBXFileReference; lastKnownFileType = folder.assetcatalog; path = Assets.xcassets; sourceTree = "<group>"; };
		D783D6F524169A5B0015766B /* Base */ = {isa = PBXFileReference; lastKnownFileType = file.storyboard; name = Base; path = Base.lproj/LaunchScreen.storyboard; sourceTree = "<group>"; };
		D783D6F724169A5B0015766B /* Info.plist */ = {isa = PBXFileReference; lastKnownFileType = text.plist.xml; path = Info.plist; sourceTree = "<group>"; };
		D783D6FC24169A5C0015766B /* datastructuresportfolioTests.xctest */ = {isa = PBXFileReference; explicitFileType = wrapper.cfbundle; includeInIndex = 0; path = datastructuresportfolioTests.xctest; sourceTree = BUILT_PRODUCTS_DIR; };
		D783D70024169A5C0015766B /* datastructuresportfolioTests.swift */ = {isa = PBXFileReference; lastKnownFileType = sourcecode.swift; path = datastructuresportfolioTests.swift; sourceTree = "<group>"; };
		D783D70224169A5C0015766B /* Info.plist */ = {isa = PBXFileReference; lastKnownFileType = text.plist.xml; path = Info.plist; sourceTree = "<group>"; };
		D783D70724169A5C0015766B /* datastructuresportfolioUITests.xctest */ = {isa = PBXFileReference; explicitFileType = wrapper.cfbundle; includeInIndex = 0; path = datastructuresportfolioUITests.xctest; sourceTree = BUILT_PRODUCTS_DIR; };
		D783D70B24169A5C0015766B /* datastructuresportfolioUITests.swift */ = {isa = PBXFileReference; lastKnownFileType = sourcecode.swift; path = datastructuresportfolioUITests.swift; sourceTree = "<group>"; };
		D783D70D24169A5C0015766B /* Info.plist */ = {isa = PBXFileReference; lastKnownFileType = text.plist.xml; path = Info.plist; sourceTree = "<group>"; };
		DC2EF6F817209F437CD6C3BE /* Pods-datastructuresportfolio.release.xcconfig */ = {isa = PBXFileReference; includeInIndex = 1; lastKnownFileType = text.xcconfig; name = "Pods-datastructuresportfolio.release.xcconfig"; path = "Target Support Files/Pods-datastructuresportfolio/Pods-datastructuresportfolio.release.xcconfig"; sourceTree = "<group>"; };
/* End PBXFileReference section */

/* Begin PBXFrameworksBuildPhase section */
		D783D6E324169A560015766B /* Frameworks */ = {
			isa = PBXFrameworksBuildPhase;
			buildActionMask = 2147483647;
			files = (
				254E5D12A680E5D80381E1F5 /* Pods_datastructuresportfolio.framework in Frameworks */,
			);
			runOnlyForDeploymentPostprocessing = 0;
		};
		D783D6F924169A5C0015766B /* Frameworks */ = {
			isa = PBXFrameworksBuildPhase;
			buildActionMask = 2147483647;
			files = (
			);
			runOnlyForDeploymentPostprocessing = 0;
		};
		D783D70424169A5C0015766B /* Frameworks */ = {
			isa = PBXFrameworksBuildPhase;
			buildActionMask = 2147483647;
			files = (
			);
			runOnlyForDeploymentPostprocessing = 0;
		};
/* End PBXFrameworksBuildPhase section */

/* Begin PBXGroup section */
		42F7AB5813A8A9213A689886 /* Pods */ = {
			isa = PBXGroup;
			children = (
				494A07D99374C24592EFE2A6 /* Pods-datastructuresportfolio.debug.xcconfig */,
				DC2EF6F817209F437CD6C3BE /* Pods-datastructuresportfolio.release.xcconfig */,
			);
			path = Pods;
			sourceTree = "<group>";
		};
		D7666D5A24193A0B0037CA11 /* VIEWS */ = {
			isa = PBXGroup;
			children = (
				D783D6EF24169A560015766B /* Main.storyboard */,
				D7666D5B24193A560037CA11 /* pythag.storyboard */,
				D76ED463241A8B5000CB2267 /* ftocconverter.storyboard */,
			);
			path = VIEWS;
			sourceTree = "<group>";
		};
		D7666D5D24193B540037CA11 /* images */ = {
			isa = PBXGroup;
			children = (
				D76ED465241A8C5B00CB2267 /* therm.png */,
				D7666D5E24193B640037CA11 /* triboi.png */,
			);
			path = images;
			sourceTree = "<group>";
		};
		D783D6DD24169A560015766B = {
			isa = PBXGroup;
			children = (
				D7666D5D24193B540037CA11 /* images */,
				D783D6E824169A560015766B /* datastructuresportfolio */,
				D783D6FF24169A5C0015766B /* datastructuresportfolioTests */,
				D783D70A24169A5C0015766B /* datastructuresportfolioUITests */,
				D783D6E724169A560015766B /* Products */,
				42F7AB5813A8A9213A689886 /* Pods */,
				F0F0993DFEE0E08D0A145DD6 /* Frameworks */,
			);
			sourceTree = "<group>";
		};
		D783D6E724169A560015766B /* Products */ = {
			isa = PBXGroup;
			children = (
				D783D6E624169A560015766B /* datastructuresportfolio.app */,
				D783D6FC24169A5C0015766B /* datastructuresportfolioTests.xctest */,
				D783D70724169A5C0015766B /* datastructuresportfolioUITests.xctest */,
			);
			name = Products;
			sourceTree = "<group>";
		};
		D783D6E824169A560015766B /* datastructuresportfolio */ = {
			isa = PBXGroup;
			children = (
				D783D6E924169A560015766B /* AppDelegate.swift */,
				D783D6EB24169A560015766B /* SceneDelegate.swift */,
				D783D6ED24169A560015766B /* pythag.swift */,
				D76ED467241A8E2200CB2267 /* ftoc.swift */,
				D7666D5A24193A0B0037CA11 /* VIEWS */,
				D783D6F224169A5B0015766B /* Assets.xcassets */,
				D783D6F424169A5B0015766B /* LaunchScreen.storyboard */,
				D783D6F724169A5B0015766B /* Info.plist */,
			);
			path = datastructuresportfolio;
			sourceTree = "<group>";
		};
		D783D6FF24169A5C0015766B /* datastructuresportfolioTests */ = {
			isa = PBXGroup;
			children = (
				D783D70024169A5C0015766B /* datastructuresportfolioTests.swift */,
				D783D70224169A5C0015766B /* Info.plist */,
			);
			path = datastructuresportfolioTests;
			sourceTree = "<group>";
		};
		D783D70A24169A5C0015766B /* datastructuresportfolioUITests */ = {
			isa = PBXGroup;
			children = (
				D783D70B24169A5C0015766B /* datastructuresportfolioUITests.swift */,
				D783D70D24169A5C0015766B /* Info.plist */,
			);
			path = datastructuresportfolioUITests;
			sourceTree = "<group>";
		};
		F0F0993DFEE0E08D0A145DD6 /* Frameworks */ = {
			isa = PBXGroup;
			children = (
				4807BCC837AA587F0FAA5883 /* Pods_datastructuresportfolio.framework */,
			);
			name = Frameworks;
			sourceTree = "<group>";
		};
/* End PBXGroup section */

/* Begin PBXNativeTarget section */
		D783D6E524169A560015766B /* datastructuresportfolio */ = {
			isa = PBXNativeTarget;
			buildConfigurationList = D783D71024169A5C0015766B /* Build configuration list for PBXNativeTarget "datastructuresportfolio" */;
			buildPhases = (
				AE0F6BBA1ADAD3B4592B5181 /* [CP] Check Pods Manifest.lock */,
				D783D6E224169A560015766B /* Sources */,
				D783D6E324169A560015766B /* Frameworks */,
				D783D6E424169A560015766B /* Resources */,
				40C23AABD5A984A084BD73C3 /* [CP] Embed Pods Frameworks */,
			);
			buildRules = (
			);
			dependencies = (
			);
			name = datastructuresportfolio;
			productName = datastructuresportfolio;
			productReference = D783D6E624169A560015766B /* datastructuresportfolio.app */;
			productType = "com.apple.product-type.application";
		};
		D783D6FB24169A5C0015766B /* datastructuresportfolioTests */ = {
			isa = PBXNativeTarget;
			buildConfigurationList = D783D71324169A5C0015766B /* Build configuration list for PBXNativeTarget "datastructuresportfolioTests" */;
			buildPhases = (
				D783D6F824169A5C0015766B /* Sources */,
				D783D6F924169A5C0015766B /* Frameworks */,
				D783D6FA24169A5C0015766B /* Resources */,
			);
			buildRules = (
			);
			dependencies = (
				D783D6FE24169A5C0015766B /* PBXTargetDependency */,
			);
			name = datastructuresportfolioTests;
			productName = datastructuresportfolioTests;
			productReference = D783D6FC24169A5C0015766B /* datastructuresportfolioTests.xctest */;
			productType = "com.apple.product-type.bundle.unit-test";
		};
		D783D70624169A5C0015766B /* datastructuresportfolioUITests */ = {
			isa = PBXNativeTarget;
			buildConfigurationList = D783D71624169A5C0015766B /* Build configuration list for PBXNativeTarget "datastructuresportfolioUITests" */;
			buildPhases = (
				D783D70324169A5C0015766B /* Sources */,
				D783D70424169A5C0015766B /* Frameworks */,
				D783D70524169A5C0015766B /* Resources */,
			);
			buildRules = (
			);
			dependencies = (
				D783D70924169A5C0015766B /* PBXTargetDependency */,
			);
			name = datastructuresportfolioUITests;
			productName = datastructuresportfolioUITests;
			productReference = D783D70724169A5C0015766B /* datastructuresportfolioUITests.xctest */;
			productType = "com.apple.product-type.bundle.ui-testing";
		};
/* End PBXNativeTarget section */

/* Begin PBXProject section */
		D783D6DE24169A560015766B /* Project object */ = {
			isa = PBXProject;
			attributes = {
				LastSwiftUpdateCheck = 1130;
				LastUpgradeCheck = 1130;
				ORGANIZATIONNAME = "Sengupta, Dhruv";
				TargetAttributes = {
					D783D6E524169A560015766B = {
						CreatedOnToolsVersion = 11.3.1;
					};
					D783D6FB24169A5C0015766B = {
						CreatedOnToolsVersion = 11.3.1;
						TestTargetID = D783D6E524169A560015766B;
					};
					D783D70624169A5C0015766B = {
						CreatedOnToolsVersion = 11.3.1;
						TestTargetID = D783D6E524169A560015766B;
					};
				};
			};
			buildConfigurationList = D783D6E124169A560015766B /* Build configuration list for PBXProject "datastructuresportfolio" */;
			compatibilityVersion = "Xcode 9.3";
			developmentRegion = en;
			hasScannedForEncodings = 0;
			knownRegions = (
				en,
				Base,
			);
			mainGroup = D783D6DD24169A560015766B;
			productRefGroup = D783D6E724169A560015766B /* Products */;
			projectDirPath = "";
			projectRoot = "";
			targets = (
				D783D6E524169A560015766B /* datastructuresportfolio */,
				D783D6FB24169A5C0015766B /* datastructuresportfolioTests */,
				D783D70624169A5C0015766B /* datastructuresportfolioUITests */,
			);
		};
/* End PBXProject section */

/* Begin PBXResourcesBuildPhase section */
		D783D6E424169A560015766B /* Resources */ = {
			isa = PBXResourcesBuildPhase;
			buildActionMask = 2147483647;
			files = (
				D783D6F624169A5B0015766B /* LaunchScreen.storyboard in Resources */,
				D7666D5F24193B640037CA11 /* triboi.png in Resources */,
				D7666D5C24193A560037CA11 /* pythag.storyboard in Resources */,
				D76ED466241A8C5B00CB2267 /* therm.png in Resources */,
				D783D6F324169A5B0015766B /* Assets.xcassets in Resources */,
				D783D6F124169A560015766B /* Main.storyboard in Resources */,
				D76ED464241A8B5000CB2267 /* ftocconverter.storyboard in Resources */,
			);
			runOnlyForDeploymentPostprocessing = 0;
		};
		D783D6FA24169A5C0015766B /* Resources */ = {
			isa = PBXResourcesBuildPhase;
			buildActionMask = 2147483647;
			files = (
			);
			runOnlyForDeploymentPostprocessing = 0;
		};
		D783D70524169A5C0015766B /* Resources */ = {
			isa = PBXResourcesBuildPhase;
			buildActionMask = 2147483647;
			files = (
			);
			runOnlyForDeploymentPostprocessing = 0;
		};
/* End PBXResourcesBuildPhase section */

/* Begin PBXShellScriptBuildPhase section */
		40C23AABD5A984A084BD73C3 /* [CP] Embed Pods Frameworks */ = {
			isa = PBXShellScriptBuildPhase;
			buildActionMask = 2147483647;
			files = (
			);
			inputFileListPaths = (
				"${PODS_ROOT}/Target Support Files/Pods-datastructuresportfolio/Pods-datastructuresportfolio-frameworks-${CONFIGURATION}-input-files.xcfilelist",
			);
			name = "[CP] Embed Pods Frameworks";
			outputFileListPaths = (
				"${PODS_ROOT}/Target Support Files/Pods-datastructuresportfolio/Pods-datastructuresportfolio-frameworks-${CONFIGURATION}-output-files.xcfilelist",
			);
			runOnlyForDeploymentPostprocessing = 0;
			shellPath = /bin/sh;
			shellScript = "\"${PODS_ROOT}/Target Support Files/Pods-datastructuresportfolio/Pods-datastructuresportfolio-frameworks.sh\"\n";
			showEnvVarsInLog = 0;
		};
		AE0F6BBA1ADAD3B4592B5181 /* [CP] Check Pods Manifest.lock */ = {
			isa = PBXShellScriptBuildPhase;
			buildActionMask = 2147483647;
			files = (
			);
			inputFileListPaths = (
			);
			inputPaths = (
				"${PODS_PODFILE_DIR_PATH}/Podfile.lock",
				"${PODS_ROOT}/Manifest.lock",
			);
			name = "[CP] Check Pods Manifest.lock";
			outputFileListPaths = (
			);
			outputPaths = (
				"$(DERIVED_FILE_DIR)/Pods-datastructuresportfolio-checkManifestLockResult.txt",
			);
			runOnlyForDeploymentPostprocessing = 0;
			shellPath = /bin/sh;
			shellScript = "diff \"${PODS_PODFILE_DIR_PATH}/Podfile.lock\" \"${PODS_ROOT}/Manifest.lock\" > /dev/null\nif [ $? != 0 ] ; then\n    # print error to STDERR\n    echo \"error: The sandbox is not in sync with the Podfile.lock. Run 'pod install' or update your CocoaPods installation.\" >&2\n    exit 1\nfi\n# This output is used by Xcode 'outputs' to avoid re-running this script phase.\necho \"SUCCESS\" > \"${SCRIPT_OUTPUT_FILE_0}\"\n";
			showEnvVarsInLog = 0;
		};
/* End PBXShellScriptBuildPhase section */

/* Begin PBXSourcesBuildPhase section */
		D783D6E224169A560015766B /* Sources */ = {
			isa = PBXSourcesBuildPhase;
			buildActionMask = 2147483647;
			files = (
				D783D6EE24169A560015766B /* pythag.swift in Sources */,
				D76ED468241A8E2200CB2267 /* ftoc.swift in Sources */,
				D783D6EA24169A560015766B /* AppDelegate.swift in Sources */,
				D783D6EC24169A560015766B /* SceneDelegate.swift in Sources */,
			);
			runOnlyForDeploymentPostprocessing = 0;
		};
		D783D6F824169A5C0015766B /* Sources */ = {
			isa = PBXSourcesBuildPhase;
			buildActionMask = 2147483647;
			files = (
				D783D70124169A5C0015766B /* datastructuresportfolioTests.swift in Sources */,
			);
			runOnlyForDeploymentPostprocessing = 0;
		};
		D783D70324169A5C0015766B /* Sources */ = {
			isa = PBXSourcesBuildPhase;
			buildActionMask = 2147483647;
			files = (
				D783D70C24169A5C0015766B /* datastructuresportfolioUITests.swift in Sources */,
			);
			runOnlyForDeploymentPostprocessing = 0;
		};
/* End PBXSourcesBuildPhase section */

/* Begin PBXTargetDependency section */
		D783D6FE24169A5C0015766B /* PBXTargetDependency */ = {
			isa = PBXTargetDependency;
			target = D783D6E524169A560015766B /* datastructuresportfolio */;
			targetProxy = D783D6FD24169A5C0015766B /* PBXContainerItemProxy */;
		};
		D783D70924169A5C0015766B /* PBXTargetDependency */ = {
			isa = PBXTargetDependency;
			target = D783D6E524169A560015766B /* datastructuresportfolio */;
			targetProxy = D783D70824169A5C0015766B /* PBXContainerItemProxy */;
		};
/* End PBXTargetDependency section */

/* Begin PBXVariantGroup section */
		D783D6EF24169A560015766B /* Main.storyboard */ = {
			isa = PBXVariantGroup;
			children = (
				D783D6F024169A560015766B /* Base */,
			);
			name = Main.storyboard;
			sourceTree = "<group>";
		};
		D783D6F424169A5B0015766B /* LaunchScreen.storyboard */ = {
			isa = PBXVariantGroup;
			children = (
				D783D6F524169A5B0015766B /* Base */,
			);
			name = LaunchScreen.storyboard;
			sourceTree = "<group>";
		};
/* End PBXVariantGroup section */

/* Begin XCBuildConfiguration section */
		D783D70E24169A5C0015766B /* Debug */ = {
			isa = XCBuildConfiguration;
			buildSettings = {
				ALWAYS_SEARCH_USER_PATHS = NO;
				CLANG_ANALYZER_NONNULL = YES;
				CLANG_ANALYZER_NUMBER_OBJECT_CONVERSION = YES_AGGRESSIVE;
				CLANG_CXX_LANGUAGE_STANDARD = "gnu++14";
				CLANG_CXX_LIBRARY = "libc++";
				CLANG_ENABLE_MODULES = YES;
				CLANG_ENABLE_OBJC_ARC = YES;
				CLANG_ENABLE_OBJC_WEAK = YES;
				CLANG_WARN_BLOCK_CAPTURE_AUTORELEASING = YES;
				CLANG_WARN_BOOL_CONVERSION = YES;
				CLANG_WARN_COMMA = YES;
				CLANG_WARN_CONSTANT_CONVERSION = YES;
				CLANG_WARN_DEPRECATED_OBJC_IMPLEMENTATIONS = YES;
				CLANG_WARN_DIRECT_OBJC_ISA_USAGE = YES_ERROR;
				CLANG_WARN_DOCUMENTATION_COMMENTS = YES;
				CLANG_WARN_EMPTY_BODY = YES;
				CLANG_WARN_ENUM_CONVERSION = YES;
				CLANG_WARN_INFINITE_RECURSION = YES;
				CLANG_WARN_INT_CONVERSION = YES;
				CLANG_WARN_NON_LITERAL_NULL_CONVERSION = YES;
				CLANG_WARN_OBJC_IMPLICIT_RETAIN_SELF = YES;
				CLANG_WARN_OBJC_LITERAL_CONVERSION = YES;
				CLANG_WARN_OBJC_ROOT_CLASS = YES_ERROR;
				CLANG_WARN_RANGE_LOOP_ANALYSIS = YES;
				CLANG_WARN_STRICT_PROTOTYPES = YES;
				CLANG_WARN_SUSPICIOUS_MOVE = YES;
				CLANG_WARN_UNGUARDED_AVAILABILITY = YES_AGGRESSIVE;
				CLANG_WARN_UNREACHABLE_CODE = YES;
				CLANG_WARN__DUPLICATE_METHOD_MATCH = YES;
				COPY_PHASE_STRIP = NO;
				DEBUG_INFORMATION_FORMAT = dwarf;
				ENABLE_STRICT_OBJC_MSGSEND = YES;
				ENABLE_TESTABILITY = YES;
				GCC_C_LANGUAGE_STANDARD = gnu11;
				GCC_DYNAMIC_NO_PIC = NO;
				GCC_NO_COMMON_BLOCKS = YES;
				GCC_OPTIMIZATION_LEVEL = 0;
				GCC_PREPROCESSOR_DEFINITIONS = (
					"DEBUG=1",
					"$(inherited)",
				);
				GCC_WARN_64_TO_32_BIT_CONVERSION = YES;
				GCC_WARN_ABOUT_RETURN_TYPE = YES_ERROR;
				GCC_WARN_UNDECLARED_SELECTOR = YES;
				GCC_WARN_UNINITIALIZED_AUTOS = YES_AGGRESSIVE;
				GCC_WARN_UNUSED_FUNCTION = YES;
				GCC_WARN_UNUSED_VARIABLE = YES;
				IPHONEOS_DEPLOYMENT_TARGET = 13.2;
				MTL_ENABLE_DEBUG_INFO = INCLUDE_SOURCE;
				MTL_FAST_MATH = YES;
				ONLY_ACTIVE_ARCH = YES;
				SDKROOT = iphoneos;
				SWIFT_ACTIVE_COMPILATION_CONDITIONS = DEBUG;
				SWIFT_OPTIMIZATION_LEVEL = "-Onone";
			};
			name = Debug;
		};
		D783D70F24169A5C0015766B /* Release */ = {
			isa = XCBuildConfiguration;
			buildSettings = {
				ALWAYS_SEARCH_USER_PATHS = NO;
				CLANG_ANALYZER_NONNULL = YES;
				CLANG_ANALYZER_NUMBER_OBJECT_CONVERSION = YES_AGGRESSIVE;
				CLANG_CXX_LANGUAGE_STANDARD = "gnu++14";
				CLANG_CXX_LIBRARY = "libc++";
				CLANG_ENABLE_MODULES = YES;
				CLANG_ENABLE_OBJC_ARC = YES;
				CLANG_ENABLE_OBJC_WEAK = YES;
				CLANG_WARN_BLOCK_CAPTURE_AUTORELEASING = YES;
				CLANG_WARN_BOOL_CONVERSION = YES;
				CLANG_WARN_COMMA = YES;
				CLANG_WARN_CONSTANT_CONVERSION = YES;
				CLANG_WARN_DEPRECATED_OBJC_IMPLEMENTATIONS = YES;
				CLANG_WARN_DIRECT_OBJC_ISA_USAGE = YES_ERROR;
				CLANG_WARN_DOCUMENTATION_COMMENTS = YES;
				CLANG_WARN_EMPTY_BODY = YES;
				CLANG_WARN_ENUM_CONVERSION = YES;
				CLANG_WARN_INFINITE_RECURSION = YES;
				CLANG_WARN_INT_CONVERSION = YES;
				CLANG_WARN_NON_LITERAL_NULL_CONVERSION = YES;
				CLANG_WARN_OBJC_IMPLICIT_RETAIN_SELF = YES;
				CLANG_WARN_OBJC_LITERAL_CONVERSION = YES;
				CLANG_WARN_OBJC_ROOT_CLASS = YES_ERROR;
				CLANG_WARN_RANGE_LOOP_ANALYSIS = YES;
				CLANG_WARN_STRICT_PROTOTYPES = YES;
				CLANG_WARN_SUSPICIOUS_MOVE = YES;
				CLANG_WARN_UNGUARDED_AVAILABILITY = YES_AGGRESSIVE;
				CLANG_WARN_UNREACHABLE_CODE = YES;
				CLANG_WARN__DUPLICATE_METHOD_MATCH = YES;
				COPY_PHASE_STRIP = NO;
				DEBUG_INFORMATION_FORMAT = "dwarf-with-dsym";
				ENABLE_NS_ASSERTIONS = NO;
				ENABLE_STRICT_OBJC_MSGSEND = YES;
				GCC_C_LANGUAGE_STANDARD = gnu11;
				GCC_NO_COMMON_BLOCKS = YES;
				GCC_WARN_64_TO_32_BIT_CONVERSION = YES;
				GCC_WARN_ABOUT_RETURN_TYPE = YES_ERROR;
				GCC_WARN_UNDECLARED_SELECTOR = YES;
				GCC_WARN_UNINITIALIZED_AUTOS = YES_AGGRESSIVE;
				GCC_WARN_UNUSED_FUNCTION = YES;
				GCC_WARN_UNUSED_VARIABLE = YES;
				IPHONEOS_DEPLOYMENT_TARGET = 13.2;
				MTL_ENABLE_DEBUG_INFO = NO;
				MTL_FAST_MATH = YES;
				SDKROOT = iphoneos;
				SWIFT_COMPILATION_MODE = wholemodule;
				SWIFT_OPTIMIZATION_LEVEL = "-O";
				VALIDATE_PRODUCT = YES;
			};
			name = Release;
		};
		D783D71124169A5C0015766B /* Debug */ = {
			isa = XCBuildConfiguration;
			baseConfigurationReference = 494A07D99374C24592EFE2A6 /* Pods-datastructuresportfolio.debug.xcconfig */;
			buildSettings = {
				ASSETCATALOG_COMPILER_APPICON_NAME = AppIcon;
				CODE_SIGN_STYLE = Automatic;
				INFOPLIST_FILE = datastructuresportfolio/Info.plist;
				LD_RUNPATH_SEARCH_PATHS = (
					"$(inherited)",
					"@executable_path/Frameworks",
				);
				PRODUCT_BUNDLE_IDENTIFIER = raw.datastructuresportfolio;
				PRODUCT_NAME = "$(TARGET_NAME)";
				SWIFT_VERSION = 5.0;
				TARGETED_DEVICE_FAMILY = "1,2";
			};
			name = Debug;
		};
		D783D71224169A5C0015766B /* Release */ = {
			isa = XCBuildConfiguration;
			baseConfigurationReference = DC2EF6F817209F437CD6C3BE /* Pods-datastructuresportfolio.release.xcconfig */;
			buildSettings = {
				ASSETCATALOG_COMPILER_APPICON_NAME = AppIcon;
				CODE_SIGN_STYLE = Automatic;
				INFOPLIST_FILE = datastructuresportfolio/Info.plist;
				LD_RUNPATH_SEARCH_PATHS = (
					"$(inherited)",
					"@executable_path/Frameworks",
				);
				PRODUCT_BUNDLE_IDENTIFIER = raw.datastructuresportfolio;
				PRODUCT_NAME = "$(TARGET_NAME)";
				SWIFT_VERSION = 5.0;
				TARGETED_DEVICE_FAMILY = "1,2";
			};
			name = Release;
		};
		D783D71424169A5C0015766B /* Debug */ = {
			isa = XCBuildConfiguration;
			buildSettings = {
				ALWAYS_EMBED_SWIFT_STANDARD_LIBRARIES = YES;
				BUNDLE_LOADER = "$(TEST_HOST)";
				CODE_SIGN_STYLE = Automatic;
				INFOPLIST_FILE = datastructuresportfolioTests/Info.plist;
				IPHONEOS_DEPLOYMENT_TARGET = 13.2;
				LD_RUNPATH_SEARCH_PATHS = (
					"$(inherited)",
					"@executable_path/Frameworks",
					"@loader_path/Frameworks",
				);
				PRODUCT_BUNDLE_IDENTIFIER = raw.datastructuresportfolioTests;
				PRODUCT_NAME = "$(TARGET_NAME)";
				SWIFT_VERSION = 5.0;
				TARGETED_DEVICE_FAMILY = "1,2";
				TEST_HOST = "$(BUILT_PRODUCTS_DIR)/datastructuresportfolio.app/datastructuresportfolio";
			};
			name = Debug;
		};
		D783D71524169A5C0015766B /* Release */ = {
			isa = XCBuildConfiguration;
			buildSettings = {
				ALWAYS_EMBED_SWIFT_STANDARD_LIBRARIES = YES;
				BUNDLE_LOADER = "$(TEST_HOST)";
				CODE_SIGN_STYLE = Automatic;
				INFOPLIST_FILE = datastructuresportfolioTests/Info.plist;
				IPHONEOS_DEPLOYMENT_TARGET = 13.2;
				LD_RUNPATH_SEARCH_PATHS = (
					"$(inherited)",
					"@executable_path/Frameworks",
					"@loader_path/Frameworks",
				);
				PRODUCT_BUNDLE_IDENTIFIER = raw.datastructuresportfolioTests;
				PRODUCT_NAME = "$(TARGET_NAME)";
				SWIFT_VERSION = 5.0;
				TARGETED_DEVICE_FAMILY = "1,2";
				TEST_HOST = "$(BUILT_PRODUCTS_DIR)/datastructuresportfolio.app/datastructuresportfolio";
			};
			name = Release;
		};
		D783D71724169A5C0015766B /* Debug */ = {
			isa = XCBuildConfiguration;
			buildSettings = {
				ALWAYS_EMBED_SWIFT_STANDARD_LIBRARIES = YES;
				CODE_SIGN_STYLE = Automatic;
				INFOPLIST_FILE = datastructuresportfolioUITests/Info.plist;
				LD_RUNPATH_SEARCH_PATHS = (
					"$(inherited)",
					"@executable_path/Frameworks",
					"@loader_path/Frameworks",
				);
				PRODUCT_BUNDLE_IDENTIFIER = raw.datastructuresportfolioUITests;
				PRODUCT_NAME = "$(TARGET_NAME)";
				SWIFT_VERSION = 5.0;
				TARGETED_DEVICE_FAMILY = "1,2";
				TEST_TARGET_NAME = datastructuresportfolio;
			};
			name = Debug;
		};
		D783D71824169A5C0015766B /* Release */ = {
			isa = XCBuildConfiguration;
			buildSettings = {
				ALWAYS_EMBED_SWIFT_STANDARD_LIBRARIES = YES;
				CODE_SIGN_STYLE = Automatic;
				INFOPLIST_FILE = datastructuresportfolioUITests/Info.plist;
				LD_RUNPATH_SEARCH_PATHS = (
					"$(inherited)",
					"@executable_path/Frameworks",
					"@loader_path/Frameworks",
				);
				PRODUCT_BUNDLE_IDENTIFIER = raw.datastructuresportfolioUITests;
				PRODUCT_NAME = "$(TARGET_NAME)";
				SWIFT_VERSION = 5.0;
				TARGETED_DEVICE_FAMILY = "1,2";
				TEST_TARGET_NAME = datastructuresportfolio;
			};
			name = Release;
		};
/* End XCBuildConfiguration section */

/* Begin XCConfigurationList section */
		D783D6E124169A560015766B /* Build configuration list for PBXProject "datastructuresportfolio" */ = {
			isa = XCConfigurationList;
			buildConfigurations = (
				D783D70E24169A5C0015766B /* Debug */,
				D783D70F24169A5C0015766B /* Release */,
			);
			defaultConfigurationIsVisible = 0;
			defaultConfigurationName = Release;
		};
		D783D71024169A5C0015766B /* Build configuration list for PBXNativeTarget "datastructuresportfolio" */ = {
			isa = XCConfigurationList;
			buildConfigurations = (
				D783D71124169A5C0015766B /* Debug */,
				D783D71224169A5C0015766B /* Release */,
			);
			defaultConfigurationIsVisible = 0;
			defaultConfigurationName = Release;
		};
		D783D71324169A5C0015766B /* Build configuration list for PBXNativeTarget "datastructuresportfolioTests" */ = {
			isa = XCConfigurationList;
			buildConfigurations = (
				D783D71424169A5C0015766B /* Debug */,
				D783D71524169A5C0015766B /* Release */,
			);
			defaultConfigurationIsVisible = 0;
			defaultConfigurationName = Release;
		};
		D783D71624169A5C0015766B /* Build configuration list for PBXNativeTarget "datastructuresportfolioUITests" */ = {
			isa = XCConfigurationList;
			buildConfigurations = (
				D783D71724169A5C0015766B /* Debug */,
				D783D71824169A5C0015766B /* Release */,
			);
			defaultConfigurationIsVisible = 0;
			defaultConfigurationName = Release;
		};
/* End XCConfigurationList section */
	};
	rootObject = D783D6DE24169A560015766B /* Project object */;
}
